
Microsoft Visual Studio Solution File, Format Version 12.00
# Visual Studio Version 16
VisualStudioVersion = 16.0.31129.286
MinimumVisualStudioVersion = 10.0.40219.1
Project("{FAE04EC0-301F-11D3-BF4B-00C04F79EFBC}") = "HeimlichStillUndLeise", "HeimlichStillUndLeise\HeimlichStillUndLeise.csproj", "{AAA22C45-62BA-4A82-8384-5E9114B0AC3C}"
EndProject
Global
	GlobalSection(SolutionConfigurationPlatforms) = preSolution
		Debug|Any CPU = Debug|Any CPU
		Release|Any CPU = Release|Any CPU
	EndGlobalSection
	GlobalSection(ProjectConfigurationPlatforms) = postSolution
		{AAA22C45-62BA-4A82-8384-5E9114B0AC3C}.Debug|Any CPU.ActiveCfg = Debug|Any CPU
		{AAA22C45-62BA-4A82-8384-5E9114B0AC3C}.Debug|Any CPU.Build.0 = Debug|Any CPU
		{AAA22C45-62BA-4A82-8384-5E9114B0AC3C}.Release|Any CPU.ActiveCfg = Release|Any CPU
		{AAA22C45-62BA-4A82-8384-5E9114B0AC3C}.Release|Any CPU.Build.0 = Release|Any CPU
	EndGlobalSection
	GlobalSection(SolutionProperties) = preSolution
		HideSolutionNode = FALSE
	EndGlobalSection
	GlobalSection(ExtensibilityGlobals) = postSolution
		SolutionGuid = {36CC081E-F4B9-48C0-A27B-2051AE879EF9}
	EndGlobalSection
EndGlobal
